
Microsoft Visual Studio Solution File, Format Version 12.00
# Visual Studio Version 17
VisualStudioVersion = 17.10.35027.167
MinimumVisualStudioVersion = 10.0.40219.1
Project("{FAE04EC0-301F-11D3-BF4B-00C04F79EFBC}") = "api", "api.csproj", "{40E1B050-B78C-4E41-92B0-866D7FE79499}"
EndProject
Global
	GlobalSection(SolutionConfigurationPlatforms) = preSolution
		Debug|Any CPU = Debug|Any CPU
		Release|Any CPU = Release|Any CPU
	EndGlobalSection
	GlobalSection(ProjectConfigurationPlatforms) = postSolution
		{40E1B050-B78C-4E41-92B0-866D7FE79499}.Debug|Any CPU.ActiveCfg = Debug|Any CPU
		{40E1B050-B78C-4E41-92B0-866D7FE79499}.Debug|Any CPU.Build.0 = Debug|Any CPU
		{40E1B050-B78C-4E41-92B0-866D7FE79499}.Release|Any CPU.ActiveCfg = Release|Any CPU
		{40E1B050-B78C-4E41-92B0-866D7FE79499}.Release|Any CPU.Build.0 = Release|Any CPU
	EndGlobalSection
	GlobalSection(SolutionProperties) = preSolution
		HideSolutionNode = FALSE
	EndGlobalSection
	GlobalSection(ExtensibilityGlobals) = postSolution
		SolutionGuid = {63BA6C21-5D61-47B2-AE2A-AD86A4D93129}
	EndGlobalSection
EndGlobal
